
Microsoft Visual Studio Solution File, Format Version 12.00
# Visual Studio 15
VisualStudioVersion = 15.0.28307.1062
MinimumVisualStudioVersion = 10.0.40219.1
Project("{FAE04EC0-301F-11D3-BF4B-00C04F79EFBC}") = "Magnet_Component", "Magnet_Component\Magnet_Component.csproj", "{B627CE66-AB6C-48A4-9F76-0D81832807C8}"
EndProject
Global
	GlobalSection(SolutionConfigurationPlatforms) = preSolution
		Debug|Any CPU = Debug|Any CPU
		Release|Any CPU = Release|Any CPU
	EndGlobalSection
	GlobalSection(ProjectConfigurationPlatforms) = postSolution
		{B627CE66-AB6C-48A4-9F76-0D81832807C8}.Debug|Any CPU.ActiveCfg = Debug|Any CPU
		{B627CE66-AB6C-48A4-9F76-0D81832807C8}.Debug|Any CPU.Build.0 = Debug|Any CPU
		{B627CE66-AB6C-48A4-9F76-0D81832807C8}.Release|Any CPU.ActiveCfg = Release|Any CPU
		{B627CE66-AB6C-48A4-9F76-0D81832807C8}.Release|Any CPU.Build.0 = Release|Any CPU
	EndGlobalSection
	GlobalSection(SolutionProperties) = preSolution
		HideSolutionNode = FALSE
	EndGlobalSection
	GlobalSection(ExtensibilityGlobals) = postSolution
		SolutionGuid = {87F622E9-8ED5-471D-86D5-E3B24E4E1A1B}
	EndGlobalSection
EndGlobal
